
Microsoft Visual Studio Solution File, Format Version 12.00
# Visual Studio Version 17
VisualStudioVersion = 17.5.33502.453
MinimumVisualStudioVersion = 10.0.40219.1
Project("{FAE04EC0-301F-11D3-BF4B-00C04F79EFBC}") = "SampleAPI", "SampleAPI\SampleAPI.csproj", "{A5EACD48-952F-4DE6-A82A-928E2A259E20}"
EndProject
Project("{FAE04EC0-301F-11D3-BF4B-00C04F79EFBC}") = "MSISetup", "MSISetup\MSISetup.csproj", "{299F3895-68B0-4329-A75F-009BE901D506}"
EndProject
Global
	GlobalSection(SolutionConfigurationPlatforms) = preSolution
		Debug|Any CPU = Debug|Any CPU
		Release|Any CPU = Release|Any CPU
	EndGlobalSection
	GlobalSection(ProjectConfigurationPlatforms) = postSolution
		{A5EACD48-952F-4DE6-A82A-928E2A259E20}.Debug|Any CPU.ActiveCfg = Debug|Any CPU
		{A5EACD48-952F-4DE6-A82A-928E2A259E20}.Debug|Any CPU.Build.0 = Debug|Any CPU
		{A5EACD48-952F-4DE6-A82A-928E2A259E20}.Release|Any CPU.ActiveCfg = Release|Any CPU
		{A5EACD48-952F-4DE6-A82A-928E2A259E20}.Release|Any CPU.Build.0 = Release|Any CPU
		{299F3895-68B0-4329-A75F-009BE901D506}.Debug|Any CPU.ActiveCfg = Debug|Any CPU
		{299F3895-68B0-4329-A75F-009BE901D506}.Debug|Any CPU.Build.0 = Debug|Any CPU
		{299F3895-68B0-4329-A75F-009BE901D506}.Release|Any CPU.ActiveCfg = Release|Any CPU
		{299F3895-68B0-4329-A75F-009BE901D506}.Release|Any CPU.Build.0 = Release|Any CPU
	EndGlobalSection
	GlobalSection(SolutionProperties) = preSolution
		HideSolutionNode = FALSE
	EndGlobalSection
	GlobalSection(ExtensibilityGlobals) = postSolution
		SolutionGuid = {586FC7F8-3160-4226-95D9-15BD8D1D8AF1}
	EndGlobalSection
EndGlobal
